// !$*UTF8*$!
{
	archiveVersion = 1;
	classes = {
	};
	objectVersion = 46;
	objects = {

/* Begin PBXBuildFile section */
		49FEDCED19CA8AF10054A872 /* main.m in Sources */ = {isa = PBXBuildFile; fileRef = 49FEDCEC19CA8AF10054A872 /* main.m */; };
		49FEDCF019CA8AF10054A872 /* AppDelegate.m in Sources */ = {isa = PBXBuildFile; fileRef = 49FEDCEF19CA8AF10054A872 /* AppDelegate.m */; };
		49FEDCF319CA8AF10054A872 /* ViewController.m in Sources */ = {isa = PBXBuildFile; fileRef = 49FEDCF219CA8AF10054A872 /* ViewController.m */; };
		49FEDCF619CA8AF10054A872 /* Main.storyboard in Resources */ = {isa = PBXBuildFile; fileRef = 49FEDCF419CA8AF10054A872 /* Main.storyboard */; };
		49FEDCF819CA8AF10054A872 /* Images.xcassets in Resources */ = {isa = PBXBuildFile; fileRef = 49FEDCF719CA8AF10054A872 /* Images.xcassets */; };
		49FEDCFB19CA8AF10054A872 /* LaunchScreen.xib in Resources */ = {isa = PBXBuildFile; fileRef = 49FEDCF919CA8AF10054A872 /* LaunchScreen.xib */; };
		49FEDD0719CA8AF10054A872 /* TheRottenListObjCTests.m in Sources */ = {isa = PBXBuildFile; fileRef = 49FEDD0619CA8AF10054A872 /* TheRottenListObjCTests.m */; };
/* End PBXBuildFile section */

/* Begin PBXContainerItemProxy section */
		49FEDD0119CA8AF10054A872 /* PBXContainerItemProxy */ = {
			isa = PBXContainerItemProxy;
			containerPortal = 49FEDCDF19CA8AF10054A872 /* Project object */;
			proxyType = 1;
			remoteGlobalIDString = 49FEDCE619CA8AF10054A872;
			remoteInfo = TheRottenListObjC;
		};
/* End PBXContainerItemProxy section */

/* Begin PBXFileReference section */
		49FEDCE719CA8AF10054A872 /* TheRottenListObjC.app */ = {isa = PBXFileReference; explicitFileType = wrapper.application; includeInIndex = 0; path = TheRottenListObjC.app; sourceTree = BUILT_PRODUCTS_DIR; };
		49FEDCEB19CA8AF10054A872 /* Info.plist */ = {isa = PBXFileReference; lastKnownFileType = text.plist.xml; path = Info.plist; sourceTree = "<group>"; };
		49FEDCEC19CA8AF10054A872 /* main.m */ = {isa = PBXFileReference; lastKnownFileType = sourcecode.c.objc; path = main.m; sourceTree = "<group>"; };
		49FEDCEE19CA8AF10054A872 /* AppDelegate.h */ = {isa = PBXFileReference; lastKnownFileType = sourcecode.c.h; path = AppDelegate.h; sourceTree = "<group>"; };
		49FEDCEF19CA8AF10054A872 /* AppDelegate.m */ = {isa = PBXFileReference; lastKnownFileType = sourcecode.c.objc; path = AppDelegate.m; sourceTree = "<group>"; };
		49FEDCF119CA8AF10054A872 /* ViewController.h */ = {isa = PBXFileReference; lastKnownFileType = sourcecode.c.h; path = ViewController.h; sourceTree = "<group>"; };
		49FEDCF219CA8AF10054A872 /* ViewController.m */ = {isa = PBXFileReference; lastKnownFileType = sourcecode.c.objc; path = ViewController.m; sourceTree = "<group>"; };
		49FEDCF519CA8AF10054A872 /* Base */ = {isa = PBXFileReference; lastKnownFileType = file.storyboard; name = Base; path = Base.lproj/Main.storyboard; sourceTree = "<group>"; };
		49FEDCF719CA8AF10054A872 /* Images.xcassets */ = {isa = PBXFileReference; lastKnownFileType = folder.assetcatalog; path = Images.xcassets; sourceTree = "<group>"; };
		49FEDCFA19CA8AF10054A872 /* Base */ = {isa = PBXFileReference; lastKnownFileType = file.xib; name = Base; path = Base.lproj/LaunchScreen.xib; sourceTree = "<group>"; };
		49FEDD0019CA8AF10054A872 /* TheRottenListObjCTests.xctest */ = {isa = PBXFileReference; explicitFileType = wrapper.cfbundle; includeInIndex = 0; path = TheRottenListObjCTests.xctest; sourceTree = BUILT_PRODUCTS_DIR; };
		49FEDD0519CA8AF10054A872 /* Info.plist */ = {isa = PBXFileReference; lastKnownFileType = text.plist.xml; path = Info.plist; sourceTree = "<group>"; };
		49FEDD0619CA8AF10054A872 /* TheRottenListObjCTests.m */ = {isa = PBXFileReference; lastKnownFileType = sourcecode.c.objc; path = TheRottenListObjCTests.m; sourceTree = "<group>"; };
/* End PBXFileReference section */

/* Begin PBXFrameworksBuildPhase section */
		49FEDCE419CA8AF10054A872 /* Frameworks */ = {
			isa = PBXFrameworksBuildPhase;
			buildActionMask = 2147483647;
			files = (
			);
			runOnlyForDeploymentPostprocessing = 0;
		};
		49FEDCFD19CA8AF10054A872 /* Frameworks */ = {
			isa = PBXFrameworksBuildPhase;
			buildActionMask = 2147483647;
			files = (
			);
			runOnlyForDeploymentPostprocessing = 0;
		};
/* End PBXFrameworksBuildPhase section */

/* Begin PBXGroup section */
		49FEDCDE19CA8AF10054A872 = {
			isa = PBXGroup;
			children = (
				49FEDCE919CA8AF10054A872 /* TheRottenListObjC */,
				49FEDD0319CA8AF10054A872 /* TheRottenListObjCTests */,
				49FEDCE819CA8AF10054A872 /* Products */,
			);
			sourceTree = "<group>";
		};
		49FEDCE819CA8AF10054A872 /* Products */ = {
			isa = PBXGroup;
			children = (
				49FEDCE719CA8AF10054A872 /* TheRottenListObjC.app */,
				49FEDD0019CA8AF10054A872 /* TheRottenListObjCTests.xctest */,
			);
			name = Products;
			sourceTree = "<group>";
		};
		49FEDCE919CA8AF10054A872 /* TheRottenListObjC */ = {
			isa = PBXGroup;
			children = (
				49FEDCEE19CA8AF10054A872 /* AppDelegate.h */,
				49FEDCEF19CA8AF10054A872 /* AppDelegate.m */,
				49FEDCF119CA8AF10054A872 /* ViewController.h */,
				49FEDCF219CA8AF10054A872 /* ViewController.m */,
				49FEDCF419CA8AF10054A872 /* Main.storyboard */,
				49FEDCF719CA8AF10054A872 /* Images.xcassets */,
				49FEDCF919CA8AF10054A872 /* LaunchScreen.xib */,
				49FEDCEA19CA8AF10054A872 /* Supporting Files */,
			);
			path = TheRottenListObjC;
			sourceTree = "<group>";
		};
		49FEDCEA19CA8AF10054A872 /* Supporting Files */ = {
			isa = PBXGroup;
			children = (
				49FEDCEB19CA8AF10054A872 /* Info.plist */,
				49FEDCEC19CA8AF10054A872 /* main.m */,
			);
			name = "Supporting Files";
			sourceTree = "<group>";
		};
		49FEDD0319CA8AF10054A872 /* TheRottenListObjCTests */ = {
			isa = PBXGroup;
			children = (
				49FEDD0619CA8AF10054A872 /* TheRottenListObjCTests.m */,
				49FEDD0419CA8AF10054A872 /* Supporting Files */,
			);
			path = TheRottenListObjCTests;
			sourceTree = "<group>";
		};
		49FEDD0419CA8AF10054A872 /* Supporting Files */ = {
			isa = PBXGroup;
			children = (
				49FEDD0519CA8AF10054A872 /* Info.plist */,
			);
			name = "Supporting Files";
			sourceTree = "<group>";
		};
/* End PBXGroup section */

/* Begin PBXNativeTarget section */
		49FEDCE619CA8AF10054A872 /* TheRottenListObjC */ = {
			isa = PBXNativeTarget;
			buildConfigurationList = 49FEDD0A19CA8AF10054A872 /* Build configuration list for PBXNativeTarget "TheRottenListObjC" */;
			buildPhases = (
				49FEDCE319CA8AF10054A872 /* Sources */,
				49FEDCE419CA8AF10054A872 /* Frameworks */,
				49FEDCE519CA8AF10054A872 /* Resources */,
			);
			buildRules = (
			);
			dependencies = (
			);
			name = TheRottenListObjC;
			productName = TheRottenListObjC;
			productReference = 49FEDCE719CA8AF10054A872 /* TheRottenListObjC.app */;
			productType = "com.apple.product-type.application";
		};
		49FEDCFF19CA8AF10054A872 /* TheRottenListObjCTests */ = {
			isa = PBXNativeTarget;
			buildConfigurationList = 49FEDD0D19CA8AF10054A872 /* Build configuration list for PBXNativeTarget "TheRottenListObjCTests" */;
			buildPhases = (
				49FEDCFC19CA8AF10054A872 /* Sources */,
				49FEDCFD19CA8AF10054A872 /* Frameworks */,
				49FEDCFE19CA8AF10054A872 /* Resources */,
			);
			buildRules = (
			);
			dependencies = (
				49FEDD0219CA8AF10054A872 /* PBXTargetDependency */,
			);
			name = TheRottenListObjCTests;
			productName = TheRottenListObjCTests;
			productReference = 49FEDD0019CA8AF10054A872 /* TheRottenListObjCTests.xctest */;
			productType = "com.apple.product-type.bundle.unit-test";
		};
/* End PBXNativeTarget section */

/* Begin PBXProject section */
		49FEDCDF19CA8AF10054A872 /* Project object */ = {
			isa = PBXProject;
			attributes = {
				LastUpgradeCheck = 0600;
				ORGANIZATIONNAME = "Andrew Chao";
				TargetAttributes = {
					49FEDCE619CA8AF10054A872 = {
						CreatedOnToolsVersion = 6.0;
					};
					49FEDCFF19CA8AF10054A872 = {
						CreatedOnToolsVersion = 6.0;
						TestTargetID = 49FEDCE619CA8AF10054A872;
					};
				};
			};
			buildConfigurationList = 49FEDCE219CA8AF10054A872 /* Build configuration list for PBXProject "TheRottenListObjC" */;
			compatibilityVersion = "Xcode 3.2";
			developmentRegion = English;
			hasScannedForEncodings = 0;
			knownRegions = (
				en,
				Base,
			);
			mainGroup = 49FEDCDE19CA8AF10054A872;
			productRefGroup = 49FEDCE819CA8AF10054A872 /* Products */;
			projectDirPath = "";
			projectRoot = "";
			targets = (
				49FEDCE619CA8AF10054A872 /* TheRottenListObjC */,
				49FEDCFF19CA8AF10054A872 /* TheRottenListObjCTests */,
			);
		};
/* End PBXProject section */

/* Begin PBXResourcesBuildPhase section */
		49FEDCE519CA8AF10054A872 /* Resources */ = {
			isa = PBXResourcesBuildPhase;
			buildActionMask = 2147483647;
			files = (
				49FEDCF619CA8AF10054A872 /* Main.storyboard in Resources */,
				49FEDCFB19CA8AF10054A872 /* LaunchScreen.xib in Resources */,
				49FEDCF819CA8AF10054A872 /* Images.xcassets in Resources */,
			);
			runOnlyForDeploymentPostprocessing = 0;
		};
		49FEDCFE19CA8AF10054A872 /* Resources */ = {
			isa = PBXResourcesBuildPhase;
			buildActionMask = 2147483647;
			files = (
			);
			runOnlyForDeploymentPostprocessing = 0;
		};
/* End PBXResourcesBuildPhase section */

/* Begin PBXSourcesBuildPhase section */
		49FEDCE319CA8AF10054A872 /* Sources */ = {
			isa = PBXSourcesBuildPhase;
			buildActionMask = 2147483647;
			files = (
				49FEDCF319CA8AF10054A872 /* ViewController.m in Sources */,
				49FEDCF019CA8AF10054A872 /* AppDelegate.m in Sources */,
				49FEDCED19CA8AF10054A872 /* main.m in Sources */,
			);
			runOnlyForDeploymentPostprocessing = 0;
		};
		49FEDCFC19CA8AF10054A872 /* Sources */ = {
			isa = PBXSourcesBuildPhase;
			buildActionMask = 2147483647;
			files = (
				49FEDD0719CA8AF10054A872 /* TheRottenListObjCTests.m in Sources */,
			);
			runOnlyForDeploymentPostprocessing = 0;
		};
/* End PBXSourcesBuildPhase section */

/* Begin PBXTargetDependency section */
		49FEDD0219CA8AF10054A872 /* PBXTargetDependency */ = {
			isa = PBXTargetDependency;
			target = 49FEDCE619CA8AF10054A872 /* TheRottenListObjC */;
			targetProxy = 49FEDD0119CA8AF10054A872 /* PBXContainerItemProxy */;
		};
/* End PBXTargetDependency section */

/* Begin PBXVariantGroup section */
		49FEDCF419CA8AF10054A872 /* Main.storyboard */ = {
			isa = PBXVariantGroup;
			children = (
				49FEDCF519CA8AF10054A872 /* Base */,
			);
			name = Main.storyboard;
			sourceTree = "<group>";
		};
		49FEDCF919CA8AF10054A872 /* LaunchScreen.xib */ = {
			isa = PBXVariantGroup;
			children = (
				49FEDCFA19CA8AF10054A872 /* Base */,
			);
			name = LaunchScreen.xib;
			sourceTree = "<group>";
		};
/* End PBXVariantGroup section */

/* Begin XCBuildConfiguration section */
		49FEDD0819CA8AF10054A872 /* Debug */ = {
			isa = XCBuildConfiguration;
			buildSettings = {
				ALWAYS_SEARCH_USER_PATHS = NO;
				CLANG_CXX_LANGUAGE_STANDARD = "gnu++0x";
				CLANG_CXX_LIBRARY = "libc++";
				CLANG_ENABLE_MODULES = YES;
				CLANG_ENABLE_OBJC_ARC = YES;
				CLANG_WARN_BOOL_CONVERSION = YES;
				CLANG_WARN_CONSTANT_CONVERSION = YES;
				CLANG_WARN_DIRECT_OBJC_ISA_USAGE = YES_ERROR;
				CLANG_WARN_EMPTY_BODY = YES;
				CLANG_WARN_ENUM_CONVERSION = YES;
				CLANG_WARN_INT_CONVERSION = YES;
				CLANG_WARN_OBJC_ROOT_CLASS = YES_ERROR;
				CLANG_WARN_UNREACHABLE_CODE = YES;
				CLANG_WARN__DUPLICATE_METHOD_MATCH = YES;
				"CODE_SIGN_IDENTITY[sdk=iphoneos*]" = "iPhone Developer";
				COPY_PHASE_STRIP = NO;
				ENABLE_STRICT_OBJC_MSGSEND = YES;
				GCC_C_LANGUAGE_STANDARD = gnu99;
				GCC_DYNAMIC_NO_PIC = NO;
				GCC_OPTIMIZATION_LEVEL = 0;
				GCC_PREPROCESSOR_DEFINITIONS = (
					"DEBUG=1",
					"$(inherited)",
				);
				GCC_SYMBOLS_PRIVATE_EXTERN = NO;
				GCC_WARN_64_TO_32_BIT_CONVERSION = YES;
				GCC_WARN_ABOUT_RETURN_TYPE = YES_ERROR;
				GCC_WARN_UNDECLARED_SELECTOR = YES;
				GCC_WARN_UNINITIALIZED_AUTOS = YES_AGGRESSIVE;
				GCC_WARN_UNUSED_FUNCTION = YES;
				GCC_WARN_UNUSED_VARIABLE = YES;
				IPHONEOS_DEPLOYMENT_TARGET = 8.0;
				MTL_ENABLE_DEBUG_INFO = YES;
				ONLY_ACTIVE_ARCH = YES;
				SDKROOT = iphoneos;
			};
			name = Debug;
		};
		49FEDD0919CA8AF10054A872 /* Release */ = {
			isa = XCBuildConfiguration;
			buildSettings = {
				ALWAYS_SEARCH_USER_PATHS = NO;
				CLANG_CXX_LANGUAGE_STANDARD = "gnu++0x";
				CLANG_CXX_LIBRARY = "libc++";
				CLANG_ENABLE_MODULES = YES;
				CLANG_ENABLE_OBJC_ARC = YES;
				CLANG_WARN_BOOL_CONVERSION = YES;
				CLANG_WARN_CONSTANT_CONVERSION = YES;
				CLANG_WARN_DIRECT_OBJC_ISA_USAGE = YES_ERROR;
				CLANG_WARN_EMPTY_BODY = YES;
				CLANG_WARN_ENUM_CONVERSION = YES;
				CLANG_WARN_INT_CONVERSION = YES;
				CLANG_WARN_OBJC_ROOT_CLASS = YES_ERROR;
				CLANG_WARN_UNREACHABLE_CODE = YES;
				CLANG_WARN__DUPLICATE_METHOD_MATCH = YES;
				"CODE_SIGN_IDENTITY[sdk=iphoneos*]" = "iPhone Developer";
				COPY_PHASE_STRIP = YES;
				ENABLE_NS_ASSERTIONS = NO;
				ENABLE_STRICT_OBJC_MSGSEND = YES;
				GCC_C_LANGUAGE_STANDARD = gnu99;
				GCC_WARN_64_TO_32_BIT_CONVERSION = YES;
				GCC_WARN_ABOUT_RETURN_TYPE = YES_ERROR;
				GCC_WARN_UNDECLARED_SELECTOR = YES;
				GCC_WARN_UNINITIALIZED_AUTOS = YES_AGGRESSIVE;
				GCC_WARN_UNUSED_FUNCTION = YES;
				GCC_WARN_UNUSED_VARIABLE = YES;
				IPHONEOS_DEPLOYMENT_TARGET = 8.0;
				MTL_ENABLE_DEBUG_INFO = NO;
				SDKROOT = iphoneos;
				VALIDATE_PRODUCT = YES;
			};
			name = Release;
		};
		49FEDD0B19CA8AF10054A872 /* Debug */ = {
			isa = XCBuildConfiguration;
			buildSettings = {
				ASSETCATALOG_COMPILER_APPICON_NAME = AppIcon;
				INFOPLIST_FILE = TheRottenListObjC/Info.plist;
				LD_RUNPATH_SEARCH_PATHS = "$(inherited) @executable_path/Frameworks";
				PRODUCT_NAME = "$(TARGET_NAME)";
			};
			name = Debug;
		};
		49FEDD0C19CA8AF10054A872 /* Release */ = {
			isa = XCBuildConfiguration;
			buildSettings = {
				ASSETCATALOG_COMPILER_APPICON_NAME = AppIcon;
				INFOPLIST_FILE = TheRottenListObjC/Info.plist;
				LD_RUNPATH_SEARCH_PATHS = "$(inherited) @executable_path/Frameworks";
				PRODUCT_NAME = "$(TARGET_NAME)";
			};
			name = Release;
		};
		49FEDD0E19CA8AF10054A872 /* Debug */ = {
			isa = XCBuildConfiguration;
			buildSettings = {
				BUNDLE_LOADER = "$(TEST_HOST)";
				FRAMEWORK_SEARCH_PATHS = (
					"$(SDKROOT)/Developer/Library/Frameworks",
					"$(inherited)",
				);
				GCC_PREPROCESSOR_DEFINITIONS = (
					"DEBUG=1",
					"$(inherited)",
				);
				INFOPLIST_FILE = TheRottenListObjCTests/Info.plist;
				LD_RUNPATH_SEARCH_PATHS = "$(inherited) @executable_path/Frameworks @loader_path/Frameworks";
				PRODUCT_NAME = "$(TARGET_NAME)";
				TEST_HOST = "$(BUILT_PRODUCTS_DIR)/TheRottenListObjC.app/TheRottenListObjC";
			};
			name = Debug;
		};
		49FEDD0F19CA8AF10054A872 /* Release */ = {
			isa = XCBuildConfiguration;
			buildSettings = {
				BUNDLE_LOADER = "$(TEST_HOST)";
				FRAMEWORK_SEARCH_PATHS = (
					"$(SDKROOT)/Developer/Library/Frameworks",
					"$(inherited)",
				);
				INFOPLIST_FILE = TheRottenListObjCTests/Info.plist;
				LD_RUNPATH_SEARCH_PATHS = "$(inherited) @executable_path/Frameworks @loader_path/Frameworks";
				PRODUCT_NAME = "$(TARGET_NAME)";
				TEST_HOST = "$(BUILT_PRODUCTS_DIR)/TheRottenListObjC.app/TheRottenListObjC";
			};
			name = Release;
		};
/* End XCBuildConfiguration section */

/* Begin XCConfigurationList section */
		49FEDCE219CA8AF10054A872 /* Build configuration list for PBXProject "TheRottenListObjC" */ = {
			isa = XCConfigurationList;
			buildConfigurations = (
				49FEDD0819CA8AF10054A872 /* Debug */,
				49FEDD0919CA8AF10054A872 /* Release */,
			);
			defaultConfigurationIsVisible = 0;
			defaultConfigurationName = Release;
		};
		49FEDD0A19CA8AF10054A872 /* Build configuration list for PBXNativeTarget "TheRottenListObjC" */ = {
			isa = XCConfigurationList;
			buildConfigurations = (
				49FEDD0B19CA8AF10054A872 /* Debug */,
				49FEDD0C19CA8AF10054A872 /* Release */,
			);
			defaultConfigurationIsVisible = 0;
		};
		49FEDD0D19CA8AF10054A872 /* Build configuration list for PBXNativeTarget "TheRottenListObjCTests" */ = {
			isa = XCConfigurationList;
			buildConfigurations = (
				49FEDD0E19CA8AF10054A872 /* Debug */,
				49FEDD0F19CA8AF10054A872 /* Release */,
			);
			defaultConfigurationIsVisible = 0;
		};
/* End XCConfigurationList section */
	};
	rootObject = 49FEDCDF19CA8AF10054A872 /* Project object */;
}
